
Microsoft Visual Studio Solution File, Format Version 12.00
# Visual Studio Version 16
VisualStudioVersion = 16.0.29926.136
MinimumVisualStudioVersion = 10.0.40219.1
Project("{FAE04EC0-301F-11D3-BF4B-00C04F79EFBC}") = "External SADX IL Timer", "External SADX IL Timer\External SADX IL Timer.csproj", "{F7EB5F2B-C5CB-4F33-8F59-33EDCE2678B5}"
EndProject
Global
	GlobalSection(SolutionConfigurationPlatforms) = preSolution
		Debug|Any CPU = Debug|Any CPU
		Release|Any CPU = Release|Any CPU
	EndGlobalSection
	GlobalSection(ProjectConfigurationPlatforms) = postSolution
		{F7EB5F2B-C5CB-4F33-8F59-33EDCE2678B5}.Debug|Any CPU.ActiveCfg = Debug|Any CPU
		{F7EB5F2B-C5CB-4F33-8F59-33EDCE2678B5}.Debug|Any CPU.Build.0 = Debug|Any CPU
		{F7EB5F2B-C5CB-4F33-8F59-33EDCE2678B5}.Release|Any CPU.ActiveCfg = Release|Any CPU
		{F7EB5F2B-C5CB-4F33-8F59-33EDCE2678B5}.Release|Any CPU.Build.0 = Release|Any CPU
	EndGlobalSection
	GlobalSection(SolutionProperties) = preSolution
		HideSolutionNode = FALSE
	EndGlobalSection
	GlobalSection(ExtensibilityGlobals) = postSolution
		SolutionGuid = {BCF5DED5-4497-43D5-B942-A92FB63B7805}
	EndGlobalSection
EndGlobal
